// !$*UTF8*$!
{
	archiveVersion = 1;
	classes = {
	};
	objectVersion = 50;
	objects = {

/* Begin PBXBuildFile section */
		77BD323E2490123C00FC3912 /* AppDelegate.swift in Sources */ = {isa = PBXBuildFile; fileRef = 77BD323D2490123C00FC3912 /* AppDelegate.swift */; };
		77BD32422490123C00FC3912 /* ContentView.swift in Sources */ = {isa = PBXBuildFile; fileRef = 77BD32412490123C00FC3912 /* ContentView.swift */; };
		77BD32442490123F00FC3912 /* Assets.xcassets in Resources */ = {isa = PBXBuildFile; fileRef = 77BD32432490123F00FC3912 /* Assets.xcassets */; };
		77BD32472490123F00FC3912 /* Preview Assets.xcassets in Resources */ = {isa = PBXBuildFile; fileRef = 77BD32462490123F00FC3912 /* Preview Assets.xcassets */; };
		77BD324A2490123F00FC3912 /* LaunchScreen.storyboard in Resources */ = {isa = PBXBuildFile; fileRef = 77BD32482490123F00FC3912 /* LaunchScreen.storyboard */; };
		77F6D0F02492536100EE38B4 /* SceneDelegate.swift in Sources */ = {isa = PBXBuildFile; fileRef = 77F6D0EF2492536100EE38B4 /* SceneDelegate.swift */; };
/* End PBXBuildFile section */

/* Begin PBXFileReference section */
		77BD323A2490123C00FC3912 /* Neumorphism.app */ = {isa = PBXFileReference; explicitFileType = wrapper.application; includeInIndex = 0; path = Neumorphism.app; sourceTree = BUILT_PRODUCTS_DIR; };
		77BD323D2490123C00FC3912 /* AppDelegate.swift */ = {isa = PBXFileReference; lastKnownFileType = sourcecode.swift; path = AppDelegate.swift; sourceTree = "<group>"; };
		77BD32412490123C00FC3912 /* ContentView.swift */ = {isa = PBXFileReference; lastKnownFileType = sourcecode.swift; path = ContentView.swift; sourceTree = "<group>"; };
		77BD32432490123F00FC3912 /* Assets.xcassets */ = {isa = PBXFileReference; lastKnownFileType = folder.assetcatalog; path = Assets.xcassets; sourceTree = "<group>"; };
		77BD32462490123F00FC3912 /* Preview Assets.xcassets */ = {isa = PBXFileReference; lastKnownFileType = folder.assetcatalog; path = "Preview Assets.xcassets"; sourceTree = "<group>"; };
		77BD32492490123F00FC3912 /* Base */ = {isa = PBXFileReference; lastKnownFileType = file.storyboard; name = Base; path = Base.lproj/LaunchScreen.storyboard; sourceTree = "<group>"; };
		77BD324B2490123F00FC3912 /* Info.plist */ = {isa = PBXFileReference; lastKnownFileType = text.plist.xml; path = Info.plist; sourceTree = "<group>"; };
		77F6D0EF2492536100EE38B4 /* SceneDelegate.swift */ = {isa = PBXFileReference; fileEncoding = 4; lastKnownFileType = sourcecode.swift; path = SceneDelegate.swift; sourceTree = "<group>"; };
/* End PBXFileReference section */

/* Begin PBXFrameworksBuildPhase section */
		77BD32372490123C00FC3912 /* Frameworks */ = {
			isa = PBXFrameworksBuildPhase;
			buildActionMask = 2147483647;
			files = (
			);
			runOnlyForDeploymentPostprocessing = 0;
		};
/* End PBXFrameworksBuildPhase section */

/* Begin PBXGroup section */
		77BD32312490123C00FC3912 = {
			isa = PBXGroup;
			children = (
				77BD323C2490123C00FC3912 /* Neumorphism */,
				77BD323B2490123C00FC3912 /* Products */,
			);
			sourceTree = "<group>";
		};
		77BD323B2490123C00FC3912 /* Products */ = {
			isa = PBXGroup;
			children = (
				77BD323A2490123C00FC3912 /* Neumorphism.app */,
			);
			name = Products;
			sourceTree = "<group>";
		};
		77BD323C2490123C00FC3912 /* Neumorphism */ = {
			isa = PBXGroup;
			children = (
				77F6D0EF2492536100EE38B4 /* SceneDelegate.swift */,
				77BD323D2490123C00FC3912 /* AppDelegate.swift */,
				77BD32412490123C00FC3912 /* ContentView.swift */,
				77BD32432490123F00FC3912 /* Assets.xcassets */,
				77BD32482490123F00FC3912 /* LaunchScreen.storyboard */,
				77BD324B2490123F00FC3912 /* Info.plist */,
				77BD32452490123F00FC3912 /* Preview Content */,
			);
			path = Neumorphism;
			sourceTree = "<group>";
		};
		77BD32452490123F00FC3912 /* Preview Content */ = {
			isa = PBXGroup;
			children = (
				77BD32462490123F00FC3912 /* Preview Assets.xcassets */,
			);
			path = "Preview Content";
			sourceTree = "<group>";
		};
/* End PBXGroup section */

/* Begin PBXNativeTarget section */
		77BD32392490123C00FC3912 /* Neumorphism */ = {
			isa = PBXNativeTarget;
			buildConfigurationList = 77BD324E2490123F00FC3912 /* Build configuration list for PBXNativeTarget "Neumorphism" */;
			buildPhases = (
				77BD32362490123C00FC3912 /* Sources */,
				77BD32372490123C00FC3912 /* Frameworks */,
				77BD32382490123C00FC3912 /* Resources */,
			);
			buildRules = (
			);
			dependencies = (
			);
			name = Neumorphism;
			productName = Neumorphism;
			productReference = 77BD323A2490123C00FC3912 /* Neumorphism.app */;
			productType = "com.apple.product-type.application";
		};
/* End PBXNativeTarget section */

/* Begin PBXProject section */
		77BD32322490123C00FC3912 /* Project object */ = {
			isa = PBXProject;
			attributes = {
				LastSwiftUpdateCheck = 1140;
				LastUpgradeCheck = 1140;
				ORGANIZATIONNAME = "Mallow Technologies Private Limited";
				TargetAttributes = {
					77BD32392490123C00FC3912 = {
						CreatedOnToolsVersion = 11.4.1;
					};
				};
			};
			buildConfigurationList = 77BD32352490123C00FC3912 /* Build configuration list for PBXProject "Neumorphism" */;
			compatibilityVersion = "Xcode 9.3";
			developmentRegion = en;
			hasScannedForEncodings = 0;
			knownRegions = (
				en,
				Base,
			);
			mainGroup = 77BD32312490123C00FC3912;
			productRefGroup = 77BD323B2490123C00FC3912 /* Products */;
			projectDirPath = "";
			projectRoot = "";
			targets = (
				77BD32392490123C00FC3912 /* Neumorphism */,
			);
		};
/* End PBXProject section */

/* Begin PBXResourcesBuildPhase section */
		77BD32382490123C00FC3912 /* Resources */ = {
			isa = PBXResourcesBuildPhase;
			buildActionMask = 2147483647;
			files = (
				77BD324A2490123F00FC3912 /* LaunchScreen.storyboard in Resources */,
				77BD32472490123F00FC3912 /* Preview Assets.xcassets in Resources */,
				77BD32442490123F00FC3912 /* Assets.xcassets in Resources */,
			);
			runOnlyForDeploymentPostprocessing = 0;
		};
/* End PBXResourcesBuildPhase section */

/* Begin PBXSourcesBuildPhase section */
		77BD32362490123C00FC3912 /* Sources */ = {
			isa = PBXSourcesBuildPhase;
			buildActionMask = 2147483647;
			files = (
				77F6D0F02492536100EE38B4 /* SceneDelegate.swift in Sources */,
				77BD323E2490123C00FC3912 /* AppDelegate.swift in Sources */,
				77BD32422490123C00FC3912 /* ContentView.swift in Sources */,
			);
			runOnlyForDeploymentPostprocessing = 0;
		};
/* End PBXSourcesBuildPhase section */

/* Begin PBXVariantGroup section */
		77BD32482490123F00FC3912 /* LaunchScreen.storyboard */ = {
			isa = PBXVariantGroup;
			children = (
				77BD32492490123F00FC3912 /* Base */,
			);
			name = LaunchScreen.storyboard;
			sourceTree = "<group>";
		};
/* End PBXVariantGroup section */

/* Begin XCBuildConfiguration section */
		77BD324C2490123F00FC3912 /* Debug */ = {
			isa = XCBuildConfiguration;
			buildSettings = {
				ALWAYS_SEARCH_USER_PATHS = NO;
				CLANG_ANALYZER_NONNULL = YES;
				CLANG_ANALYZER_NUMBER_OBJECT_CONVERSION = YES_AGGRESSIVE;
				CLANG_CXX_LANGUAGE_STANDARD = "gnu++14";
				CLANG_CXX_LIBRARY = "libc++";
				CLANG_ENABLE_MODULES = YES;
				CLANG_ENABLE_OBJC_ARC = YES;
				CLANG_ENABLE_OBJC_WEAK = YES;
				CLANG_WARN_BLOCK_CAPTURE_AUTORELEASING = YES;
				CLANG_WARN_BOOL_CONVERSION = YES;
				CLANG_WARN_COMMA = YES;
				CLANG_WARN_CONSTANT_CONVERSION = YES;
				CLANG_WARN_DEPRECATED_OBJC_IMPLEMENTATIONS = YES;
				CLANG_WARN_DIRECT_OBJC_ISA_USAGE = YES_ERROR;
				CLANG_WARN_DOCUMENTATION_COMMENTS = YES;
				CLANG_WARN_EMPTY_BODY = YES;
				CLANG_WARN_ENUM_CONVERSION = YES;
				CLANG_WARN_INFINITE_RECURSION = YES;
				CLANG_WARN_INT_CONVERSION = YES;
				CLANG_WARN_NON_LITERAL_NULL_CONVERSION = YES;
				CLANG_WARN_OBJC_IMPLICIT_RETAIN_SELF = YES;
				CLANG_WARN_OBJC_LITERAL_CONVERSION = YES;
				CLANG_WARN_OBJC_ROOT_CLASS = YES_ERROR;
				CLANG_WARN_RANGE_LOOP_ANALYSIS = YES;
				CLANG_WARN_STRICT_PROTOTYPES = YES;
				CLANG_WARN_SUSPICIOUS_MOVE = YES;
				CLANG_WARN_UNGUARDED_AVAILABILITY = YES_AGGRESSIVE;
				CLANG_WARN_UNREACHABLE_CODE = YES;
				CLANG_WARN__DUPLICATE_METHOD_MATCH = YES;
				COPY_PHASE_STRIP = NO;
				DEBUG_INFORMATION_FORMAT = dwarf;
				ENABLE_STRICT_OBJC_MSGSEND = YES;
				ENABLE_TESTABILITY = YES;
				GCC_C_LANGUAGE_STANDARD = gnu11;
				GCC_DYNAMIC_NO_PIC = NO;
				GCC_NO_COMMON_BLOCKS = YES;
				GCC_OPTIMIZATION_LEVEL = 0;
				GCC_PREPROCESSOR_DEFINITIONS = (
					"DEBUG=1",
					"$(inherited)",
				);
				GCC_WARN_64_TO_32_BIT_CONVERSION = YES;
				GCC_WARN_ABOUT_RETURN_TYPE = YES_ERROR;
				GCC_WARN_UNDECLARED_SELECTOR = YES;
				GCC_WARN_UNINITIALIZED_AUTOS = YES_AGGRESSIVE;
				GCC_WARN_UNUSED_FUNCTION = YES;
				GCC_WARN_UNUSED_VARIABLE = YES;
				IPHONEOS_DEPLOYMENT_TARGET = 13.4;
				MTL_ENABLE_DEBUG_INFO = INCLUDE_SOURCE;
				MTL_FAST_MATH = YES;
				ONLY_ACTIVE_ARCH = YES;
				SDKROOT = iphoneos;
				SWIFT_ACTIVE_COMPILATION_CONDITIONS = DEBUG;
				SWIFT_OPTIMIZATION_LEVEL = "-Onone";
			};
			name = Debug;
		};
		77BD324D2490123F00FC3912 /* Release */ = {
			isa = XCBuildConfiguration;
			buildSettings = {
				ALWAYS_SEARCH_USER_PATHS = NO;
				CLANG_ANALYZER_NONNULL = YES;
				CLANG_ANALYZER_NUMBER_OBJECT_CONVERSION = YES_AGGRESSIVE;
				CLANG_CXX_LANGUAGE_STANDARD = "gnu++14";
				CLANG_CXX_LIBRARY = "libc++";
				CLANG_ENABLE_MODULES = YES;
				CLANG_ENABLE_OBJC_ARC = YES;
				CLANG_ENABLE_OBJC_WEAK = YES;
				CLANG_WARN_BLOCK_CAPTURE_AUTORELEASING = YES;
				CLANG_WARN_BOOL_CONVERSION = YES;
				CLANG_WARN_COMMA = YES;
				CLANG_WARN_CONSTANT_CONVERSION = YES;
				CLANG_WARN_DEPRECATED_OBJC_IMPLEMENTATIONS = YES;
				CLANG_WARN_DIRECT_OBJC_ISA_USAGE = YES_ERROR;
				CLANG_WARN_DOCUMENTATION_COMMENTS = YES;
				CLANG_WARN_EMPTY_BODY = YES;
				CLANG_WARN_ENUM_CONVERSION = YES;
				CLANG_WARN_INFINITE_RECURSION = YES;
				CLANG_WARN_INT_CONVERSION = YES;
				CLANG_WARN_NON_LITERAL_NULL_CONVERSION = YES;
				CLANG_WARN_OBJC_IMPLICIT_RETAIN_SELF = YES;
				CLANG_WARN_OBJC_LITERAL_CONVERSION = YES;
				CLANG_WARN_OBJC_ROOT_CLASS = YES_ERROR;
				CLANG_WARN_RANGE_LOOP_ANALYSIS = YES;
				CLANG_WARN_STRICT_PROTOTYPES = YES;
				CLANG_WARN_SUSPICIOUS_MOVE = YES;
				CLANG_WARN_UNGUARDED_AVAILABILITY = YES_AGGRESSIVE;
				CLANG_WARN_UNREACHABLE_CODE = YES;
				CLANG_WARN__DUPLICATE_METHOD_MATCH = YES;
				COPY_PHASE_STRIP = NO;
				DEBUG_INFORMATION_FORMAT = "dwarf-with-dsym";
				ENABLE_NS_ASSERTIONS = NO;
				ENABLE_STRICT_OBJC_MSGSEND = YES;
				GCC_C_LANGUAGE_STANDARD = gnu11;
				GCC_NO_COMMON_BLOCKS = YES;
				GCC_WARN_64_TO_32_BIT_CONVERSION = YES;
				GCC_WARN_ABOUT_RETURN_TYPE = YES_ERROR;
				GCC_WARN_UNDECLARED_SELECTOR = YES;
				GCC_WARN_UNINITIALIZED_AUTOS = YES_AGGRESSIVE;
				GCC_WARN_UNUSED_FUNCTION = YES;
				GCC_WARN_UNUSED_VARIABLE = YES;
				IPHONEOS_DEPLOYMENT_TARGET = 13.4;
				MTL_ENABLE_DEBUG_INFO = NO;
				MTL_FAST_MATH = YES;
				SDKROOT = iphoneos;
				SWIFT_COMPILATION_MODE = wholemodule;
				SWIFT_OPTIMIZATION_LEVEL = "-O";
				VALIDATE_PRODUCT = YES;
			};
			name = Release;
		};
		77BD324F2490123F00FC3912 /* Debug */ = {
			isa = XCBuildConfiguration;
			buildSettings = {
				ASSETCATALOG_COMPILER_APPICON_NAME = AppIcon;
				CODE_SIGN_STYLE = Automatic;
				DEVELOPMENT_ASSET_PATHS = "\"Neumorphism/Preview Content\"";
				DEVELOPMENT_TEAM = 3RHR7K3FP7;
				ENABLE_PREVIEWS = YES;
				INFOPLIST_FILE = Neumorphism/Info.plist;
				IPHONEOS_DEPLOYMENT_TARGET = 13.0;
				LD_RUNPATH_SEARCH_PATHS = (
					"$(inherited)",
					"@executable_path/Frameworks",
				);
				PRODUCT_BUNDLE_IDENTIFIER = "com.mallow-tech.Neumorphism";
				PRODUCT_NAME = "$(TARGET_NAME)";
				SWIFT_VERSION = 5.0;
				TARGETED_DEVICE_FAMILY = "1,2";
			};
			name = Debug;
		};
		77BD32502490123F00FC3912 /* Release */ = {
			isa = XCBuildConfiguration;
			buildSettings = {
				ASSETCATALOG_COMPILER_APPICON_NAME = AppIcon;
				CODE_SIGN_STYLE = Automatic;
				DEVELOPMENT_ASSET_PATHS = "\"Neumorphism/Preview Content\"";
				DEVELOPMENT_TEAM = 3RHR7K3FP7;
				ENABLE_PREVIEWS = YES;
				INFOPLIST_FILE = Neumorphism/Info.plist;
				IPHONEOS_DEPLOYMENT_TARGET = 13.0;
				LD_RUNPATH_SEARCH_PATHS = (
					"$(inherited)",
					"@executable_path/Frameworks",
				);
				PRODUCT_BUNDLE_IDENTIFIER = "com.mallow-tech.Neumorphism";
				PRODUCT_NAME = "$(TARGET_NAME)";
				SWIFT_VERSION = 5.0;
				TARGETED_DEVICE_FAMILY = "1,2";
			};
			name = Release;
		};
/* End XCBuildConfiguration section */

/* Begin XCConfigurationList section */
		77BD32352490123C00FC3912 /* Build configuration list for PBXProject "Neumorphism" */ = {
			isa = XCConfigurationList;
			buildConfigurations = (
				77BD324C2490123F00FC3912 /* Debug */,
				77BD324D2490123F00FC3912 /* Release */,
			);
			defaultConfigurationIsVisible = 0;
			defaultConfigurationName = Release;
		};
		77BD324E2490123F00FC3912 /* Build configuration list for PBXNativeTarget "Neumorphism" */ = {
			isa = XCConfigurationList;
			buildConfigurations = (
				77BD324F2490123F00FC3912 /* Debug */,
				77BD32502490123F00FC3912 /* Release */,
			);
			defaultConfigurationIsVisible = 0;
			defaultConfigurationName = Release;
		};
/* End XCConfigurationList section */
	};
	rootObject = 77BD32322490123C00FC3912 /* Project object */;
}
